
Microsoft Visual Studio Solution File, Format Version 12.00
# Visual Studio Version 16
VisualStudioVersion = 16.0.30711.63
MinimumVisualStudioVersion = 10.0.40219.1
Project("{FAE04EC0-301F-11D3-BF4B-00C04F79EFBC}") = "PluginTestView", "PluginTestView\PluginTestView.csproj", "{A87B8C90-D869-4991-9537-AE831484BE8F}"
EndProject
Project("{FAE04EC0-301F-11D3-BF4B-00C04F79EFBC}") = "PluginsInterfaces", "PluginsInterfaces\PluginsInterfaces.csproj", "{F0D7F6FB-2200-4585-A773-1F49D2A642E3}"
EndProject
Project("{FAE04EC0-301F-11D3-BF4B-00C04F79EFBC}") = "ChangerPlugin", "ChangerPlugin\ChangerPlugin.csproj", "{1033E6FA-B837-4153-8AA9-A746CFDC4B4F}"
EndProject
Project("{FAE04EC0-301F-11D3-BF4B-00C04F79EFBC}") = "ApplicationLogic", "ApplicationLogic\ApplicationLogic.csproj", "{18132D80-E132-49AF-8ECA-1B21DC954FEB}"
EndProject
Global
	GlobalSection(SolutionConfigurationPlatforms) = preSolution
		Debug|Any CPU = Debug|Any CPU
		Release|Any CPU = Release|Any CPU
	EndGlobalSection
	GlobalSection(ProjectConfigurationPlatforms) = postSolution
		{A87B8C90-D869-4991-9537-AE831484BE8F}.Debug|Any CPU.ActiveCfg = Debug|Any CPU
		{A87B8C90-D869-4991-9537-AE831484BE8F}.Debug|Any CPU.Build.0 = Debug|Any CPU
		{A87B8C90-D869-4991-9537-AE831484BE8F}.Release|Any CPU.ActiveCfg = Release|Any CPU
		{A87B8C90-D869-4991-9537-AE831484BE8F}.Release|Any CPU.Build.0 = Release|Any CPU
		{F0D7F6FB-2200-4585-A773-1F49D2A642E3}.Debug|Any CPU.ActiveCfg = Debug|Any CPU
		{F0D7F6FB-2200-4585-A773-1F49D2A642E3}.Debug|Any CPU.Build.0 = Debug|Any CPU
		{F0D7F6FB-2200-4585-A773-1F49D2A642E3}.Release|Any CPU.ActiveCfg = Release|Any CPU
		{F0D7F6FB-2200-4585-A773-1F49D2A642E3}.Release|Any CPU.Build.0 = Release|Any CPU
		{1033E6FA-B837-4153-8AA9-A746CFDC4B4F}.Debug|Any CPU.ActiveCfg = Debug|Any CPU
		{1033E6FA-B837-4153-8AA9-A746CFDC4B4F}.Debug|Any CPU.Build.0 = Debug|Any CPU
		{1033E6FA-B837-4153-8AA9-A746CFDC4B4F}.Release|Any CPU.ActiveCfg = Release|Any CPU
		{1033E6FA-B837-4153-8AA9-A746CFDC4B4F}.Release|Any CPU.Build.0 = Release|Any CPU
		{18132D80-E132-49AF-8ECA-1B21DC954FEB}.Debug|Any CPU.ActiveCfg = Debug|Any CPU
		{18132D80-E132-49AF-8ECA-1B21DC954FEB}.Debug|Any CPU.Build.0 = Debug|Any CPU
		{18132D80-E132-49AF-8ECA-1B21DC954FEB}.Release|Any CPU.ActiveCfg = Release|Any CPU
		{18132D80-E132-49AF-8ECA-1B21DC954FEB}.Release|Any CPU.Build.0 = Release|Any CPU
	EndGlobalSection
	GlobalSection(SolutionProperties) = preSolution
		HideSolutionNode = FALSE
	EndGlobalSection
	GlobalSection(ExtensibilityGlobals) = postSolution
		SolutionGuid = {CF06AA27-696F-4FF4-840C-339473331DE0}
	EndGlobalSection
EndGlobal
