
Microsoft Visual Studio Solution File, Format Version 12.00
# Visual Studio Version 16
VisualStudioVersion = 16.0.30717.126
MinimumVisualStudioVersion = 10.0.40219.1
Project("{FAE04EC0-301F-11D3-BF4B-00C04F79EFBC}") = "WinFormsView", "WinFormsView\WinFormsView.csproj", "{E0777AAE-EB81-4863-97CC-EB64D6251187}"
EndProject
Project("{9A19103F-16F7-4668-BE54-9A1E7A4F7556}") = "DataAccessLayer", "DataAccessLayer\DataAccessLayer.csproj", "{AFC9CA30-2A2B-4912-B175-FF40E513E6E2}"
EndProject
Global
	GlobalSection(SolutionConfigurationPlatforms) = preSolution
		Debug|Any CPU = Debug|Any CPU
		Release|Any CPU = Release|Any CPU
	EndGlobalSection
	GlobalSection(ProjectConfigurationPlatforms) = postSolution
		{E0777AAE-EB81-4863-97CC-EB64D6251187}.Debug|Any CPU.ActiveCfg = Debug|Any CPU
		{E0777AAE-EB81-4863-97CC-EB64D6251187}.Debug|Any CPU.Build.0 = Debug|Any CPU
		{E0777AAE-EB81-4863-97CC-EB64D6251187}.Release|Any CPU.ActiveCfg = Release|Any CPU
		{E0777AAE-EB81-4863-97CC-EB64D6251187}.Release|Any CPU.Build.0 = Release|Any CPU
		{AFC9CA30-2A2B-4912-B175-FF40E513E6E2}.Debug|Any CPU.ActiveCfg = Debug|Any CPU
		{AFC9CA30-2A2B-4912-B175-FF40E513E6E2}.Debug|Any CPU.Build.0 = Debug|Any CPU
		{AFC9CA30-2A2B-4912-B175-FF40E513E6E2}.Release|Any CPU.ActiveCfg = Release|Any CPU
		{AFC9CA30-2A2B-4912-B175-FF40E513E6E2}.Release|Any CPU.Build.0 = Release|Any CPU
	EndGlobalSection
	GlobalSection(SolutionProperties) = preSolution
		HideSolutionNode = FALSE
	EndGlobalSection
	GlobalSection(ExtensibilityGlobals) = postSolution
		SolutionGuid = {846095B7-6240-454D-A3E1-85AA172A536B}
	EndGlobalSection
EndGlobal
