
Microsoft Visual Studio Solution File, Format Version 12.00
# Visual Studio Version 16
VisualStudioVersion = 16.0.30503.244
MinimumVisualStudioVersion = 10.0.40219.1
Project("{FAE04EC0-301F-11D3-BF4B-00C04F79EFBC}") = "ClassLibraryData", "ClassLibraryData\ClassLibraryData.csproj", "{258D3014-8762-41C8-BB89-C113D6A618D4}"
EndProject
Project("{FAE04EC0-301F-11D3-BF4B-00C04F79EFBC}") = "WindowsFormsApplication", "WindowsFormsApplication\WindowsFormsApplication.csproj", "{2F3814EF-6EAC-414A-A3C6-FF2337FB9024}"
EndProject
Project("{FAE04EC0-301F-11D3-BF4B-00C04F79EFBC}") = "ClassLibraryListBox", "ClassLibraryListBox\ClassLibraryListBox.csproj", "{D3E6F66D-A215-41E6-8417-C3AA74359439}"
EndProject
Project("{FAE04EC0-301F-11D3-BF4B-00C04F79EFBC}") = "ClassLibraryComboBox", "ClassLibraryComboBox\ClassLibraryComboBox.csproj", "{ECE79FCA-6ACD-4D27-8389-1351546DBAE9}"
EndProject
Global
	GlobalSection(SolutionConfigurationPlatforms) = preSolution
		Debug|Any CPU = Debug|Any CPU
		Release|Any CPU = Release|Any CPU
	EndGlobalSection
	GlobalSection(ProjectConfigurationPlatforms) = postSolution
		{258D3014-8762-41C8-BB89-C113D6A618D4}.Debug|Any CPU.ActiveCfg = Debug|Any CPU
		{258D3014-8762-41C8-BB89-C113D6A618D4}.Debug|Any CPU.Build.0 = Debug|Any CPU
		{258D3014-8762-41C8-BB89-C113D6A618D4}.Release|Any CPU.ActiveCfg = Release|Any CPU
		{258D3014-8762-41C8-BB89-C113D6A618D4}.Release|Any CPU.Build.0 = Release|Any CPU
		{2F3814EF-6EAC-414A-A3C6-FF2337FB9024}.Debug|Any CPU.ActiveCfg = Debug|Any CPU
		{2F3814EF-6EAC-414A-A3C6-FF2337FB9024}.Debug|Any CPU.Build.0 = Debug|Any CPU
		{2F3814EF-6EAC-414A-A3C6-FF2337FB9024}.Release|Any CPU.ActiveCfg = Release|Any CPU
		{2F3814EF-6EAC-414A-A3C6-FF2337FB9024}.Release|Any CPU.Build.0 = Release|Any CPU
		{D3E6F66D-A215-41E6-8417-C3AA74359439}.Debug|Any CPU.ActiveCfg = Debug|Any CPU
		{D3E6F66D-A215-41E6-8417-C3AA74359439}.Debug|Any CPU.Build.0 = Debug|Any CPU
		{D3E6F66D-A215-41E6-8417-C3AA74359439}.Release|Any CPU.ActiveCfg = Release|Any CPU
		{D3E6F66D-A215-41E6-8417-C3AA74359439}.Release|Any CPU.Build.0 = Release|Any CPU
		{ECE79FCA-6ACD-4D27-8389-1351546DBAE9}.Debug|Any CPU.ActiveCfg = Debug|Any CPU
		{ECE79FCA-6ACD-4D27-8389-1351546DBAE9}.Debug|Any CPU.Build.0 = Debug|Any CPU
		{ECE79FCA-6ACD-4D27-8389-1351546DBAE9}.Release|Any CPU.ActiveCfg = Release|Any CPU
		{ECE79FCA-6ACD-4D27-8389-1351546DBAE9}.Release|Any CPU.Build.0 = Release|Any CPU
	EndGlobalSection
	GlobalSection(SolutionProperties) = preSolution
		HideSolutionNode = FALSE
	EndGlobalSection
	GlobalSection(ExtensibilityGlobals) = postSolution
		SolutionGuid = {32784802-7E8F-4B37-98D0-CD2D3761738C}
	EndGlobalSection
EndGlobal
