
Microsoft Visual Studio Solution File, Format Version 12.00
# Visual Studio Version 16
VisualStudioVersion = 16.0.30503.244
MinimumVisualStudioVersion = 10.0.40219.1
Project("{FAE04EC0-301F-11D3-BF4B-00C04F79EFBC}") = "ClassLibraryData", "ClassLibraryData\ClassLibraryData.csproj", "{258D3014-8762-41C8-BB89-C113D6A618D4}"
EndProject
Project("{FAE04EC0-301F-11D3-BF4B-00C04F79EFBC}") = "WindowsFormsApplication", "WindowsFormsApplication\WindowsFormsApplication.csproj", "{2F3814EF-6EAC-414A-A3C6-FF2337FB9024}"
EndProject
Project("{FAE04EC0-301F-11D3-BF4B-00C04F79EFBC}") = "ClassLibraryComboBox", "ClassLibraryComboBox\ClassLibraryComboBox.csproj", "{ECE79FCA-6ACD-4D27-8389-1351546DBAE9}"
EndProject
Project("{FAE04EC0-301F-11D3-BF4B-00C04F79EFBC}") = "ClassLibraryListBox2", "ClassLibraryListBox2\ClassLibraryListBox2.csproj", "{9199D139-B361-44A3-B8CB-E4697C7ED3F2}"
EndProject
Project("{FAE04EC0-301F-11D3-BF4B-00C04F79EFBC}") = "ClassLibraryExcelReport", "ClassLibraryExcelReport\ClassLibraryExcelReport.csproj", "{626E928B-77DF-4A67-A423-ADCAAC425B02}"
EndProject
Project("{FAE04EC0-301F-11D3-BF4B-00C04F79EFBC}") = "ClassLibraryBinaryBackup", "ClassLibraryBinaryBackup\ClassLibraryBinaryBackup.csproj", "{61DD341D-7C9B-47A8-A2F0-046551321CC0}"
EndProject
Project("{FAE04EC0-301F-11D3-BF4B-00C04F79EFBC}") = "ClassLibraryPDF", "ClassLibraryPDF\ClassLibraryPDF.csproj", "{C37BCE52-35D6-4223-B650-A6D39A36E33E}"
EndProject
Project("{9A19103F-16F7-4668-BE54-9A1E7A4F7556}") = "BusinessLogic", "BusinessLogic\BusinessLogic.csproj", "{008BE98D-2F06-460C-AD0D-19EA67BD038C}"
EndProject
Project("{FAE04EC0-301F-11D3-BF4B-00C04F79EFBC}") = "WindowsFormsAppTestComponent", "WindowsFormsAppTestComponent\WindowsFormsAppTestComponent.csproj", "{80F56F00-8AD5-489B-B022-9461C815DAE5}"
EndProject
Project("{FAE04EC0-301F-11D3-BF4B-00C04F79EFBC}") = "DataBaseImplement", "DataBaseImplement\DataBaseImplement.csproj", "{7BC97802-1DD7-4B63-AEC6-C25EEFA14791}"
EndProject
Project("{FAE04EC0-301F-11D3-BF4B-00C04F79EFBC}") = "ClassLibraryPrototype", "ClassLibraryPrototype\ClassLibraryPrototype.csproj", "{78F5FFA7-5F35-4132-96DD-60DFEC08A72C}"
EndProject
Project("{FAE04EC0-301F-11D3-BF4B-00C04F79EFBC}") = "ClassLibraryDecorator", "ClassLibraryDecorator\ClassLibraryDecorator.csproj", "{16D80883-3AB8-4BCA-AD32-1E280F2177AF}"
EndProject
Global
	GlobalSection(SolutionConfigurationPlatforms) = preSolution
		Debug|Any CPU = Debug|Any CPU
		Release|Any CPU = Release|Any CPU
	EndGlobalSection
	GlobalSection(ProjectConfigurationPlatforms) = postSolution
		{258D3014-8762-41C8-BB89-C113D6A618D4}.Debug|Any CPU.ActiveCfg = Debug|Any CPU
		{258D3014-8762-41C8-BB89-C113D6A618D4}.Debug|Any CPU.Build.0 = Debug|Any CPU
		{258D3014-8762-41C8-BB89-C113D6A618D4}.Release|Any CPU.ActiveCfg = Release|Any CPU
		{258D3014-8762-41C8-BB89-C113D6A618D4}.Release|Any CPU.Build.0 = Release|Any CPU
		{2F3814EF-6EAC-414A-A3C6-FF2337FB9024}.Debug|Any CPU.ActiveCfg = Debug|Any CPU
		{2F3814EF-6EAC-414A-A3C6-FF2337FB9024}.Debug|Any CPU.Build.0 = Debug|Any CPU
		{2F3814EF-6EAC-414A-A3C6-FF2337FB9024}.Release|Any CPU.ActiveCfg = Release|Any CPU
		{2F3814EF-6EAC-414A-A3C6-FF2337FB9024}.Release|Any CPU.Build.0 = Release|Any CPU
		{ECE79FCA-6ACD-4D27-8389-1351546DBAE9}.Debug|Any CPU.ActiveCfg = Debug|Any CPU
		{ECE79FCA-6ACD-4D27-8389-1351546DBAE9}.Debug|Any CPU.Build.0 = Debug|Any CPU
		{ECE79FCA-6ACD-4D27-8389-1351546DBAE9}.Release|Any CPU.ActiveCfg = Release|Any CPU
		{ECE79FCA-6ACD-4D27-8389-1351546DBAE9}.Release|Any CPU.Build.0 = Release|Any CPU
		{9199D139-B361-44A3-B8CB-E4697C7ED3F2}.Debug|Any CPU.ActiveCfg = Debug|Any CPU
		{9199D139-B361-44A3-B8CB-E4697C7ED3F2}.Debug|Any CPU.Build.0 = Debug|Any CPU
		{9199D139-B361-44A3-B8CB-E4697C7ED3F2}.Release|Any CPU.ActiveCfg = Release|Any CPU
		{9199D139-B361-44A3-B8CB-E4697C7ED3F2}.Release|Any CPU.Build.0 = Release|Any CPU
		{626E928B-77DF-4A67-A423-ADCAAC425B02}.Debug|Any CPU.ActiveCfg = Debug|Any CPU
		{626E928B-77DF-4A67-A423-ADCAAC425B02}.Debug|Any CPU.Build.0 = Debug|Any CPU
		{626E928B-77DF-4A67-A423-ADCAAC425B02}.Release|Any CPU.ActiveCfg = Release|Any CPU
		{626E928B-77DF-4A67-A423-ADCAAC425B02}.Release|Any CPU.Build.0 = Release|Any CPU
		{61DD341D-7C9B-47A8-A2F0-046551321CC0}.Debug|Any CPU.ActiveCfg = Debug|Any CPU
		{61DD341D-7C9B-47A8-A2F0-046551321CC0}.Debug|Any CPU.Build.0 = Debug|Any CPU
		{61DD341D-7C9B-47A8-A2F0-046551321CC0}.Release|Any CPU.ActiveCfg = Release|Any CPU
		{61DD341D-7C9B-47A8-A2F0-046551321CC0}.Release|Any CPU.Build.0 = Release|Any CPU
		{C37BCE52-35D6-4223-B650-A6D39A36E33E}.Debug|Any CPU.ActiveCfg = Debug|Any CPU
		{C37BCE52-35D6-4223-B650-A6D39A36E33E}.Debug|Any CPU.Build.0 = Debug|Any CPU
		{C37BCE52-35D6-4223-B650-A6D39A36E33E}.Release|Any CPU.ActiveCfg = Release|Any CPU
		{C37BCE52-35D6-4223-B650-A6D39A36E33E}.Release|Any CPU.Build.0 = Release|Any CPU
		{008BE98D-2F06-460C-AD0D-19EA67BD038C}.Debug|Any CPU.ActiveCfg = Debug|Any CPU
		{008BE98D-2F06-460C-AD0D-19EA67BD038C}.Debug|Any CPU.Build.0 = Debug|Any CPU
		{008BE98D-2F06-460C-AD0D-19EA67BD038C}.Release|Any CPU.ActiveCfg = Release|Any CPU
		{008BE98D-2F06-460C-AD0D-19EA67BD038C}.Release|Any CPU.Build.0 = Release|Any CPU
		{80F56F00-8AD5-489B-B022-9461C815DAE5}.Debug|Any CPU.ActiveCfg = Debug|Any CPU
		{80F56F00-8AD5-489B-B022-9461C815DAE5}.Debug|Any CPU.Build.0 = Debug|Any CPU
		{80F56F00-8AD5-489B-B022-9461C815DAE5}.Release|Any CPU.ActiveCfg = Release|Any CPU
		{80F56F00-8AD5-489B-B022-9461C815DAE5}.Release|Any CPU.Build.0 = Release|Any CPU
		{7BC97802-1DD7-4B63-AEC6-C25EEFA14791}.Debug|Any CPU.ActiveCfg = Debug|Any CPU
		{7BC97802-1DD7-4B63-AEC6-C25EEFA14791}.Debug|Any CPU.Build.0 = Debug|Any CPU
		{7BC97802-1DD7-4B63-AEC6-C25EEFA14791}.Release|Any CPU.ActiveCfg = Release|Any CPU
		{7BC97802-1DD7-4B63-AEC6-C25EEFA14791}.Release|Any CPU.Build.0 = Release|Any CPU
		{78F5FFA7-5F35-4132-96DD-60DFEC08A72C}.Debug|Any CPU.ActiveCfg = Debug|Any CPU
		{78F5FFA7-5F35-4132-96DD-60DFEC08A72C}.Debug|Any CPU.Build.0 = Debug|Any CPU
		{78F5FFA7-5F35-4132-96DD-60DFEC08A72C}.Release|Any CPU.ActiveCfg = Release|Any CPU
		{78F5FFA7-5F35-4132-96DD-60DFEC08A72C}.Release|Any CPU.Build.0 = Release|Any CPU
		{16D80883-3AB8-4BCA-AD32-1E280F2177AF}.Debug|Any CPU.ActiveCfg = Debug|Any CPU
		{16D80883-3AB8-4BCA-AD32-1E280F2177AF}.Debug|Any CPU.Build.0 = Debug|Any CPU
		{16D80883-3AB8-4BCA-AD32-1E280F2177AF}.Release|Any CPU.ActiveCfg = Release|Any CPU
		{16D80883-3AB8-4BCA-AD32-1E280F2177AF}.Release|Any CPU.Build.0 = Release|Any CPU
	EndGlobalSection
	GlobalSection(SolutionProperties) = preSolution
		HideSolutionNode = FALSE
	EndGlobalSection
	GlobalSection(ExtensibilityGlobals) = postSolution
		SolutionGuid = {32784802-7E8F-4B37-98D0-CD2D3761738C}
	EndGlobalSection
EndGlobal
